
Microsoft Visual Studio Solution File, Format Version 12.00
Project("{FAE04EC0-301F-11D3-BF4B-00C04F79EFBC}") = "AppCore", "AppCore\AppCore.csproj", "{6533731B-948D-4209-BA92-55B7B58AB27E}"
EndProject
Project("{FAE04EC0-301F-11D3-BF4B-00C04F79EFBC}") = "Infrastructure", "Infrastructure\Infrastructure.csproj", "{C4D77D3E-628C-47B2-941D-D0195D6ADBC3}"
EndProject
Project("{FAE04EC0-301F-11D3-BF4B-00C04F79EFBC}") = "WebUi", "WebUi\WebUi.csproj", "{3097E692-F395-43C8-9AD1-43C0A616FCBB}"
EndProject
Project("{FAE04EC0-301F-11D3-BF4B-00C04F79EFBC}") = "SharedKernel", "SharedKernel\SharedKernel.csproj", "{3DB715B3-A807-4B5D-8BBA-8A8C6D28D7C2}"
EndProject
Global
	GlobalSection(SolutionConfigurationPlatforms) = preSolution
		Debug|Any CPU = Debug|Any CPU
		Release|Any CPU = Release|Any CPU
	EndGlobalSection
	GlobalSection(ProjectConfigurationPlatforms) = postSolution
		{6533731B-948D-4209-BA92-55B7B58AB27E}.Debug|Any CPU.ActiveCfg = Debug|Any CPU
		{6533731B-948D-4209-BA92-55B7B58AB27E}.Debug|Any CPU.Build.0 = Debug|Any CPU
		{6533731B-948D-4209-BA92-55B7B58AB27E}.Release|Any CPU.ActiveCfg = Release|Any CPU
		{6533731B-948D-4209-BA92-55B7B58AB27E}.Release|Any CPU.Build.0 = Release|Any CPU
		{C4D77D3E-628C-47B2-941D-D0195D6ADBC3}.Debug|Any CPU.ActiveCfg = Debug|Any CPU
		{C4D77D3E-628C-47B2-941D-D0195D6ADBC3}.Debug|Any CPU.Build.0 = Debug|Any CPU
		{C4D77D3E-628C-47B2-941D-D0195D6ADBC3}.Release|Any CPU.ActiveCfg = Release|Any CPU
		{C4D77D3E-628C-47B2-941D-D0195D6ADBC3}.Release|Any CPU.Build.0 = Release|Any CPU
		{3097E692-F395-43C8-9AD1-43C0A616FCBB}.Debug|Any CPU.ActiveCfg = Debug|Any CPU
		{3097E692-F395-43C8-9AD1-43C0A616FCBB}.Debug|Any CPU.Build.0 = Debug|Any CPU
		{3097E692-F395-43C8-9AD1-43C0A616FCBB}.Release|Any CPU.ActiveCfg = Release|Any CPU
		{3097E692-F395-43C8-9AD1-43C0A616FCBB}.Release|Any CPU.Build.0 = Release|Any CPU
		{3DB715B3-A807-4B5D-8BBA-8A8C6D28D7C2}.Debug|Any CPU.ActiveCfg = Debug|Any CPU
		{3DB715B3-A807-4B5D-8BBA-8A8C6D28D7C2}.Debug|Any CPU.Build.0 = Debug|Any CPU
		{3DB715B3-A807-4B5D-8BBA-8A8C6D28D7C2}.Release|Any CPU.ActiveCfg = Release|Any CPU
		{3DB715B3-A807-4B5D-8BBA-8A8C6D28D7C2}.Release|Any CPU.Build.0 = Release|Any CPU
	EndGlobalSection
EndGlobal
